// !$*UTF8*$!
{
	archiveVersion = 1;
	classes = {
	};
	objectVersion = 46;
	objects = {

/* Begin PBXBuildFile section */
		29859A2D1D0FB58300E9D6EE /* AppDelegate.swift in Sources */ = {isa = PBXBuildFile; fileRef = 29859A2C1D0FB58300E9D6EE /* AppDelegate.swift */; };
		29859A2F1D0FB58300E9D6EE /* ViewController.swift in Sources */ = {isa = PBXBuildFile; fileRef = 29859A2E1D0FB58300E9D6EE /* ViewController.swift */; };
		29859A321D0FB58300E9D6EE /* Main.storyboard in Resources */ = {isa = PBXBuildFile; fileRef = 29859A301D0FB58300E9D6EE /* Main.storyboard */; };
		29859A341D0FB58300E9D6EE /* Assets.xcassets in Resources */ = {isa = PBXBuildFile; fileRef = 29859A331D0FB58300E9D6EE /* Assets.xcassets */; };
		29859A371D0FB58300E9D6EE /* LaunchScreen.storyboard in Resources */ = {isa = PBXBuildFile; fileRef = 29859A351D0FB58300E9D6EE /* LaunchScreen.storyboard */; };
		29859A3F1D0FB5D400E9D6EE /* Poem.txt in Resources */ = {isa = PBXBuildFile; fileRef = 29859A3E1D0FB5D400E9D6EE /* Poem.txt */; };
		29B46AB61D10FA6900BCDD6E /* Setting.plist in Resources */ = {isa = PBXBuildFile; fileRef = 29B46AB51D10FA6900BCDD6E /* Setting.plist */; };
/* End PBXBuildFile section */

/* Begin PBXFileReference section */
		29859A291D0FB58300E9D6EE /* FileTest.app */ = {isa = PBXFileReference; explicitFileType = wrapper.application; includeInIndex = 0; path = FileTest.app; sourceTree = BUILT_PRODUCTS_DIR; };
		29859A2C1D0FB58300E9D6EE /* AppDelegate.swift */ = {isa = PBXFileReference; lastKnownFileType = sourcecode.swift; path = AppDelegate.swift; sourceTree = "<group>"; };
		29859A2E1D0FB58300E9D6EE /* ViewController.swift */ = {isa = PBXFileReference; lastKnownFileType = sourcecode.swift; path = ViewController.swift; sourceTree = "<group>"; };
		29859A311D0FB58300E9D6EE /* Base */ = {isa = PBXFileReference; lastKnownFileType = file.storyboard; name = Base; path = Base.lproj/Main.storyboard; sourceTree = "<group>"; };
		29859A331D0FB58300E9D6EE /* Assets.xcassets */ = {isa = PBXFileReference; lastKnownFileType = folder.assetcatalog; path = Assets.xcassets; sourceTree = "<group>"; };
		29859A361D0FB58300E9D6EE /* Base */ = {isa = PBXFileReference; lastKnownFileType = file.storyboard; name = Base; path = Base.lproj/LaunchScreen.storyboard; sourceTree = "<group>"; };
		29859A381D0FB58300E9D6EE /* Info.plist */ = {isa = PBXFileReference; lastKnownFileType = text.plist.xml; path = Info.plist; sourceTree = "<group>"; };
		29859A3E1D0FB5D400E9D6EE /* Poem.txt */ = {isa = PBXFileReference; fileEncoding = 4; lastKnownFileType = text; path = Poem.txt; sourceTree = "<group>"; };
		29B46AB51D10FA6900BCDD6E /* Setting.plist */ = {isa = PBXFileReference; fileEncoding = 4; lastKnownFileType = text.plist.xml; path = Setting.plist; sourceTree = "<group>"; };
/* End PBXFileReference section */

/* Begin PBXFrameworksBuildPhase section */
		29859A261D0FB58300E9D6EE /* Frameworks */ = {
			isa = PBXFrameworksBuildPhase;
			buildActionMask = 2147483647;
			files = (
			);
			runOnlyForDeploymentPostprocessing = 0;
		};
/* End PBXFrameworksBuildPhase section */

/* Begin PBXGroup section */
		29859A201D0FB58300E9D6EE = {
			isa = PBXGroup;
			children = (
				29859A2B1D0FB58300E9D6EE /* FileTest */,
				29859A2A1D0FB58300E9D6EE /* Products */,
			);
			sourceTree = "<group>";
		};
		29859A2A1D0FB58300E9D6EE /* Products */ = {
			isa = PBXGroup;
			children = (
				29859A291D0FB58300E9D6EE /* FileTest.app */,
			);
			name = Products;
			sourceTree = "<group>";
		};
		29859A2B1D0FB58300E9D6EE /* FileTest */ = {
			isa = PBXGroup;
			children = (
				29859A2C1D0FB58300E9D6EE /* AppDelegate.swift */,
				29859A2E1D0FB58300E9D6EE /* ViewController.swift */,
				29859A301D0FB58300E9D6EE /* Main.storyboard */,
				29859A3E1D0FB5D400E9D6EE /* Poem.txt */,
				29859A331D0FB58300E9D6EE /* Assets.xcassets */,
				29859A351D0FB58300E9D6EE /* LaunchScreen.storyboard */,
				29859A381D0FB58300E9D6EE /* Info.plist */,
				29B46AB51D10FA6900BCDD6E /* Setting.plist */,
			);
			path = FileTest;
			sourceTree = "<group>";
		};
/* End PBXGroup section */

/* Begin PBXNativeTarget section */
		29859A281D0FB58300E9D6EE /* FileTest */ = {
			isa = PBXNativeTarget;
			buildConfigurationList = 29859A3B1D0FB58300E9D6EE /* Build configuration list for PBXNativeTarget "FileTest" */;
			buildPhases = (
				29859A251D0FB58300E9D6EE /* Sources */,
				29859A261D0FB58300E9D6EE /* Frameworks */,
				29859A271D0FB58300E9D6EE /* Resources */,
			);
			buildRules = (
			);
			dependencies = (
			);
			name = FileTest;
			productName = FileTest;
			productReference = 29859A291D0FB58300E9D6EE /* FileTest.app */;
			productType = "com.apple.product-type.application";
		};
/* End PBXNativeTarget section */

/* Begin PBXProject section */
		29859A211D0FB58300E9D6EE /* Project object */ = {
			isa = PBXProject;
			attributes = {
				LastSwiftUpdateCheck = 0730;
				LastUpgradeCheck = 0730;
				ORGANIZATIONNAME = Kurt;
				TargetAttributes = {
					29859A281D0FB58300E9D6EE = {
						CreatedOnToolsVersion = 7.3.1;
					};
				};
			};
			buildConfigurationList = 29859A241D0FB58300E9D6EE /* Build configuration list for PBXProject "FileTest" */;
			compatibilityVersion = "Xcode 3.2";
			developmentRegion = English;
			hasScannedForEncodings = 0;
			knownRegions = (
				en,
				Base,
			);
			mainGroup = 29859A201D0FB58300E9D6EE;
			productRefGroup = 29859A2A1D0FB58300E9D6EE /* Products */;
			projectDirPath = "";
			projectRoot = "";
			targets = (
				29859A281D0FB58300E9D6EE /* FileTest */,
			);
		};
/* End PBXProject section */

/* Begin PBXResourcesBuildPhase section */
		29859A271D0FB58300E9D6EE /* Resources */ = {
			isa = PBXResourcesBuildPhase;
			buildActionMask = 2147483647;
			files = (
				29B46AB61D10FA6900BCDD6E /* Setting.plist in Resources */,
				29859A371D0FB58300E9D6EE /* LaunchScreen.storyboard in Resources */,
				29859A341D0FB58300E9D6EE /* Assets.xcassets in Resources */,
				29859A321D0FB58300E9D6EE /* Main.storyboard in Resources */,
				29859A3F1D0FB5D400E9D6EE /* Poem.txt in Resources */,
			);
			runOnlyForDeploymentPostprocessing = 0;
		};
/* End PBXResourcesBuildPhase section */

/* Begin PBXSourcesBuildPhase section */
		29859A251D0FB58300E9D6EE /* Sources */ = {
			isa = PBXSourcesBuildPhase;
			buildActionMask = 2147483647;
			files = (
				29859A2F1D0FB58300E9D6EE /* ViewController.swift in Sources */,
				29859A2D1D0FB58300E9D6EE /* AppDelegate.swift in Sources */,
			);
			runOnlyForDeploymentPostprocessing = 0;
		};
/* End PBXSourcesBuildPhase section */

/* Begin PBXVariantGroup section */
		29859A301D0FB58300E9D6EE /* Main.storyboard */ = {
			isa = PBXVariantGroup;
			children = (
				29859A311D0FB58300E9D6EE /* Base */,
			);
			name = Main.storyboard;
			sourceTree = "<group>";
		};
		29859A351D0FB58300E9D6EE /* LaunchScreen.storyboard */ = {
			isa = PBXVariantGroup;
			children = (
				29859A361D0FB58300E9D6EE /* Base */,
			);
			name = LaunchScreen.storyboard;
			sourceTree = "<group>";
		};
/* End PBXVariantGroup section */

/* Begin XCBuildConfiguration section */
		29859A391D0FB58300E9D6EE /* Debug */ = {
			isa = XCBuildConfiguration;
			buildSettings = {
				ALWAYS_SEARCH_USER_PATHS = NO;
				CLANG_ANALYZER_NONNULL = YES;
				CLANG_CXX_LANGUAGE_STANDARD = "gnu++0x";
				CLANG_CXX_LIBRARY = "libc++";
				CLANG_ENABLE_MODULES = YES;
				CLANG_ENABLE_OBJC_ARC = YES;
				CLANG_WARN_BOOL_CONVERSION = YES;
				CLANG_WARN_CONSTANT_CONVERSION = YES;
				CLANG_WARN_DIRECT_OBJC_ISA_USAGE = YES_ERROR;
				CLANG_WARN_EMPTY_BODY = YES;
				CLANG_WARN_ENUM_CONVERSION = YES;
				CLANG_WARN_INT_CONVERSION = YES;
				CLANG_WARN_OBJC_ROOT_CLASS = YES_ERROR;
				CLANG_WARN_UNREACHABLE_CODE = YES;
				CLANG_WARN__DUPLICATE_METHOD_MATCH = YES;
				"CODE_SIGN_IDENTITY[sdk=iphoneos*]" = "iPhone Developer";
				COPY_PHASE_STRIP = NO;
				DEBUG_INFORMATION_FORMAT = dwarf;
				ENABLE_STRICT_OBJC_MSGSEND = YES;
				ENABLE_TESTABILITY = YES;
				GCC_C_LANGUAGE_STANDARD = gnu99;
				GCC_DYNAMIC_NO_PIC = NO;
				GCC_NO_COMMON_BLOCKS = YES;
				GCC_OPTIMIZATION_LEVEL = 0;
				GCC_PREPROCESSOR_DEFINITIONS = (
					"DEBUG=1",
					"$(inherited)",
				);
				GCC_WARN_64_TO_32_BIT_CONVERSION = YES;
				GCC_WARN_ABOUT_RETURN_TYPE = YES_ERROR;
				GCC_WARN_UNDECLARED_SELECTOR = YES;
				GCC_WARN_UNINITIALIZED_AUTOS = YES_AGGRESSIVE;
				GCC_WARN_UNUSED_FUNCTION = YES;
				GCC_WARN_UNUSED_VARIABLE = YES;
				IPHONEOS_DEPLOYMENT_TARGET = 9.3;
				MTL_ENABLE_DEBUG_INFO = YES;
				ONLY_ACTIVE_ARCH = YES;
				SDKROOT = iphoneos;
				SWIFT_OPTIMIZATION_LEVEL = "-Onone";
			};
			name = Debug;
		};
		29859A3A1D0FB58300E9D6EE /* Release */ = {
			isa = XCBuildConfiguration;
			buildSettings = {
				ALWAYS_SEARCH_USER_PATHS = NO;
				CLANG_ANALYZER_NONNULL = YES;
				CLANG_CXX_LANGUAGE_STANDARD = "gnu++0x";
				CLANG_CXX_LIBRARY = "libc++";
				CLANG_ENABLE_MODULES = YES;
				CLANG_ENABLE_OBJC_ARC = YES;
				CLANG_WARN_BOOL_CONVERSION = YES;
				CLANG_WARN_CONSTANT_CONVERSION = YES;
				CLANG_WARN_DIRECT_OBJC_ISA_USAGE = YES_ERROR;
				CLANG_WARN_EMPTY_BODY = YES;
				CLANG_WARN_ENUM_CONVERSION = YES;
				CLANG_WARN_INT_CONVERSION = YES;
				CLANG_WARN_OBJC_ROOT_CLASS = YES_ERROR;
				CLANG_WARN_UNREACHABLE_CODE = YES;
				CLANG_WARN__DUPLICATE_METHOD_MATCH = YES;
				"CODE_SIGN_IDENTITY[sdk=iphoneos*]" = "iPhone Developer";
				COPY_PHASE_STRIP = NO;
				DEBUG_INFORMATION_FORMAT = "dwarf-with-dsym";
				ENABLE_NS_ASSERTIONS = NO;
				ENABLE_STRICT_OBJC_MSGSEND = YES;
				GCC_C_LANGUAGE_STANDARD = gnu99;
				GCC_NO_COMMON_BLOCKS = YES;
				GCC_WARN_64_TO_32_BIT_CONVERSION = YES;
				GCC_WARN_ABOUT_RETURN_TYPE = YES_ERROR;
				GCC_WARN_UNDECLARED_SELECTOR = YES;
				GCC_WARN_UNINITIALIZED_AUTOS = YES_AGGRESSIVE;
				GCC_WARN_UNUSED_FUNCTION = YES;
				GCC_WARN_UNUSED_VARIABLE = YES;
				IPHONEOS_DEPLOYMENT_TARGET = 9.3;
				MTL_ENABLE_DEBUG_INFO = NO;
				SDKROOT = iphoneos;
				VALIDATE_PRODUCT = YES;
			};
			name = Release;
		};
		29859A3C1D0FB58300E9D6EE /* Debug */ = {
			isa = XCBuildConfiguration;
			buildSettings = {
				ASSETCATALOG_COMPILER_APPICON_NAME = AppIcon;
				INFOPLIST_FILE = FileTest/Info.plist;
				LD_RUNPATH_SEARCH_PATHS = "$(inherited) @executable_path/Frameworks";
				PRODUCT_BUNDLE_IDENTIFIER = edu.self.FileTest;
				PRODUCT_NAME = "$(TARGET_NAME)";
			};
			name = Debug;
		};
		29859A3D1D0FB58300E9D6EE /* Release */ = {
			isa = XCBuildConfiguration;
			buildSettings = {
				ASSETCATALOG_COMPILER_APPICON_NAME = AppIcon;
				INFOPLIST_FILE = FileTest/Info.plist;
				LD_RUNPATH_SEARCH_PATHS = "$(inherited) @executable_path/Frameworks";
				PRODUCT_BUNDLE_IDENTIFIER = edu.self.FileTest;
				PRODUCT_NAME = "$(TARGET_NAME)";
			};
			name = Release;
		};
/* End XCBuildConfiguration section */

/* Begin XCConfigurationList section */
		29859A241D0FB58300E9D6EE /* Build configuration list for PBXProject "FileTest" */ = {
			isa = XCConfigurationList;
			buildConfigurations = (
				29859A391D0FB58300E9D6EE /* Debug */,
				29859A3A1D0FB58300E9D6EE /* Release */,
			);
			defaultConfigurationIsVisible = 0;
			defaultConfigurationName = Release;
		};
		29859A3B1D0FB58300E9D6EE /* Build configuration list for PBXNativeTarget "FileTest" */ = {
			isa = XCConfigurationList;
			buildConfigurations = (
				29859A3C1D0FB58300E9D6EE /* Debug */,
				29859A3D1D0FB58300E9D6EE /* Release */,
			);
			defaultConfigurationIsVisible = 0;
			defaultConfigurationName = Release;
		};
/* End XCConfigurationList section */
	};
	rootObject = 29859A211D0FB58300E9D6EE /* Project object */;
}
